lockfileVersion: '6.0'

settings:
  autoInstallPeers: true
  excludeLinksFromLockfile: false

dependencies:
  kysely:
    specifier: ^0.26.3
    version: 0.26.3

packages:

  /kysely@0.26.3:
    resolution: {integrity: sha512-yWSgGi9bY13b/W06DD2OCDDHQmq1kwTGYlQ4wpZkMOJqMGCstVCFIvxCCVG4KfY1/3G0MhDAcZsip/Lw8/vJWw==}
    engines: {node: '>=14.0.0'}
    dev: false
